
Microsoft Visual Studio Solution File, Format Version 12.00
# Visual Studio 15
VisualStudioVersion = 15.0.28307.1321
MinimumVisualStudioVersion = 10.0.40219.1
Project("{FAE04EC0-301F-11D3-BF4B-00C04F79EFBC}") = "StoreFrontJordan.MVC.UI", "StoreFrontJordan.MVC.UI\StoreFrontJordan.MVC.UI.csproj", "{887AA706-6B54-47A3-8DFA-284D3BEB3BFE}"
EndProject
Global
	GlobalSection(SolutionConfigurationPlatforms) = preSolution
		Debug|Any CPU = Debug|Any CPU
		Release|Any CPU = Release|Any CPU
	EndGlobalSection
	GlobalSection(ProjectConfigurationPlatforms) = postSolution
		{887AA706-6B54-47A3-8DFA-284D3BEB3BFE}.Debug|Any CPU.ActiveCfg = Debug|Any CPU
		{887AA706-6B54-47A3-8DFA-284D3BEB3BFE}.Debug|Any CPU.Build.0 = Debug|Any CPU
		{887AA706-6B54-47A3-8DFA-284D3BEB3BFE}.Release|Any CPU.ActiveCfg = Release|Any CPU
		{887AA706-6B54-47A3-8DFA-284D3BEB3BFE}.Release|Any CPU.Build.0 = Release|Any CPU
	EndGlobalSection
	GlobalSection(SolutionProperties) = preSolution
		HideSolutionNode = FALSE
	EndGlobalSection
	GlobalSection(ExtensibilityGlobals) = postSolution
		SolutionGuid = {EC9AB247-2341-4C72-81F9-AA9BD4644334}
	EndGlobalSection
EndGlobal
